
Microsoft Visual Studio Solution File, Format Version 12.00
# Visual Studio Version 17
VisualStudioVersion = 17.4.33213.308
MinimumVisualStudioVersion = 10.0.40219.1
Project("{FAE04EC0-301F-11D3-BF4B-00C04F79EFBC}") = "modul7_kelompok_4", "modul7_kelompok_4\modul7_kelompok_4.csproj", "{DAAC34E5-6370-442A-9F55-7F3EE22F88DA}"
EndProject
Global
	GlobalSection(SolutionConfigurationPlatforms) = preSolution
		Debug|Any CPU = Debug|Any CPU
		Release|Any CPU = Release|Any CPU
	EndGlobalSection
	GlobalSection(ProjectConfigurationPlatforms) = postSolution
		{DAAC34E5-6370-442A-9F55-7F3EE22F88DA}.Debug|Any CPU.ActiveCfg = Debug|Any CPU
		{DAAC34E5-6370-442A-9F55-7F3EE22F88DA}.Debug|Any CPU.Build.0 = Debug|Any CPU
		{DAAC34E5-6370-442A-9F55-7F3EE22F88DA}.Release|Any CPU.ActiveCfg = Release|Any CPU
		{DAAC34E5-6370-442A-9F55-7F3EE22F88DA}.Release|Any CPU.Build.0 = Release|Any CPU
	EndGlobalSection
	GlobalSection(SolutionProperties) = preSolution
		HideSolutionNode = FALSE
	EndGlobalSection
	GlobalSection(ExtensibilityGlobals) = postSolution
		SolutionGuid = {8E1D6796-284F-4867-9109-82E94BE55274}
	EndGlobalSection
EndGlobal
